{
  "originHash" : "ebbea86db0ac103afe39b671e2df573b4d0017d7db2c4a14f2dde4ca14ffc25b",
  "pins" : [
    {
      "identity" : "codescanner",
      "kind" : "remoteSourceControl",
      "location" : "https://github.com/twostraws/CodeScanner.git",
      "state" : {
        "revision" : "bf5d7087015620b250ee6c865b3c9039fc159d1a",
        "version" : "2.3.3"
      }
    },
    {
      "identity" : "factory",
      "kind" : "remoteSourceControl",
      "location" : "https://github.com/hmlongco/Factory.git",
      "state" : {
        "revision" : "061b3afe0358a0da7ce568f8272c847910be3dd7",
        "version" : "2.2.0"
      }
    }
  ],
  "version" : 3
}
