PODS:
  - Adapty (3.8.1)
  - adapty_flutter (3.8.0):
    - Adapty (= 3.8.1)
    - AdaptyPlugin (= 3.8.1)
    - AdaptyUI (= 3.8.1)
    - Flutter
  - AdaptyPlugin (3.8.1):
    - Adapty (= 3.8.1)
    - AdaptyUI (= 3.8.1)
  - AdaptyUI (3.8.1):
    - Adapty (= 3.8.1)
  - Flutter (1.0.0)
  - FlutterPluginRegistrant (0.0.1):
    - adapty_flutter
    - Flutter
    - path_provider_foundation
  - path_provider_foundation (0.0.1):
    - Flutter
    - FlutterMacOS

DEPENDENCIES:
  - adapty_flutter (from `../common/.ios/.symlinks/plugins/adapty_flutter/ios`)
  - Flutter (from `../common/.ios/Flutter`)
  - FlutterPluginRegistrant (from `../common/.ios/Flutter/FlutterPluginRegistrant`)
  - path_provider_foundation (from `../common/.ios/.symlinks/plugins/path_provider_foundation/darwin`)

SPEC REPOS:
  trunk:
    - Adapty
    - AdaptyPlugin
    - AdaptyUI

EXTERNAL SOURCES:
  adapty_flutter:
    :path: "../common/.ios/.symlinks/plugins/adapty_flutter/ios"
  Flutter:
    :path: "../common/.ios/Flutter"
  FlutterPluginRegistrant:
    :path: "../common/.ios/Flutter/FlutterPluginRegistrant"
  path_provider_foundation:
    :path: "../common/.ios/.symlinks/plugins/path_provider_foundation/darwin"

SPEC CHECKSUMS:
  Adapty: 139245a1d0ff3da258ac35906c315c65fbd0882d
  adapty_flutter: 36755dc818f0d252c63f20a5dd724db05304baba
  AdaptyPlugin: 45e97d0eb981186ca5f745ad7c595b457697ba6b
  AdaptyUI: 715bd3535846711328a48e09a1f0424f32c24b6f
  Flutter: e0871f40cf51350855a761d2e70bf5af5b9b5de7
  FlutterPluginRegistrant: d1a918f6a61c1a38c4680cbaa4ca50fd4b9be8e4
  path_provider_foundation: 080d55be775b7414fd5a5ef3ac137b97b097e564

PODFILE CHECKSUM: 8428ac9d17b9d3c273bf161a479c5315054012be

COCOAPODS: 1.16.2
