PODS:
  - Adapty (3.17.2):
    - AdaptyLogger (= 3.17.2)
    - AdaptyUIBuilder (= 3.17.2)
  - adapty_flutter (3.17.0):
    - Adapty (= 3.17.2)
    - AdaptyPlugin (= 3.17.2)
    - AdaptyUI (= 3.17.2)
    - Flutter
  - AdaptyLogger (3.17.2)
  - AdaptyPlugin (3.17.2):
    - Adapty (= 3.17.2)
    - AdaptyLogger (= 3.17.2)
    - AdaptyUI (= 3.17.2)
    - AdaptyUIBuilder (= 3.17.2)
  - AdaptyUI (3.17.2):
    - Adapty (= 3.17.2)
    - AdaptyLogger (= 3.17.2)
    - AdaptyUIBuilder (= 3.17.2)
  - AdaptyUIBuilder (3.17.2):
    - AdaptyLogger (= 3.17.2)
  - Flutter (1.0.0)
  - FlutterPluginRegistrant (0.0.1):
    - adapty_flutter
    - Flutter
    - path_provider_foundation
    - shared_preferences_foundation
    - sqflite_darwin
  - path_provider_foundation (0.0.1):
    - Flutter
    - FlutterMacOS
  - shared_preferences_foundation (0.0.1):
    - Flutter
    - FlutterMacOS
  - sqflite_darwin (0.0.4):
    - Flutter
    - FlutterMacOS

DEPENDENCIES:
  - adapty_flutter (from `../common/.ios/.symlinks/plugins/adapty_flutter/ios`)
  - Flutter (from `../common/.ios/Flutter`)
  - FlutterPluginRegistrant (from `../common/.ios/Flutter/FlutterPluginRegistrant`)
  - path_provider_foundation (from `../common/.ios/.symlinks/plugins/path_provider_foundation/darwin`)
  - shared_preferences_foundation (from `../common/.ios/.symlinks/plugins/shared_preferences_foundation/darwin`)
  - sqflite_darwin (from `../common/.ios/.symlinks/plugins/sqflite_darwin/darwin`)

SPEC REPOS:
  trunk:
    - Adapty
    - AdaptyLogger
    - AdaptyPlugin
    - AdaptyUI
    - AdaptyUIBuilder

EXTERNAL SOURCES:
  adapty_flutter:
    :path: "../common/.ios/.symlinks/plugins/adapty_flutter/ios"
  Flutter:
    :path: "../common/.ios/Flutter"
  FlutterPluginRegistrant:
    :path: "../common/.ios/Flutter/FlutterPluginRegistrant"
  path_provider_foundation:
    :path: "../common/.ios/.symlinks/plugins/path_provider_foundation/darwin"
  shared_preferences_foundation:
    :path: "../common/.ios/.symlinks/plugins/shared_preferences_foundation/darwin"
  sqflite_darwin:
    :path: "../common/.ios/.symlinks/plugins/sqflite_darwin/darwin"

SPEC CHECKSUMS:
  Adapty: fd1e8130a1298abba9bc084a69a63c80fcc5275a
  adapty_flutter: e87ab51ee70c541de25ba602155e42a8c0a47ee6
  AdaptyLogger: c59354e1e6b602d08eae91b79bd1492d78c46820
  AdaptyPlugin: 87183239c885f4a251acbd354631fd2d6f281a5b
  AdaptyUI: ecd9614d961257d4608315510e8030e40efbbcd5
  AdaptyUIBuilder: 7425b23c8039d62f02463a4d236e86c8e08d61f8
  Flutter: cabc95a1d2626b1b06e7179b784ebcf0c0cde467
  FlutterPluginRegistrant: 0142b30e7798741b38fb06d13ebfc4611592d75e
  path_provider_foundation: 080d55be775b7414fd5a5ef3ac137b97b097e564
  shared_preferences_foundation: 9e1978ff2562383bd5676f64ec4e9aa8fa06a6f7
  sqflite_darwin: 20b2a3a3b70e43edae938624ce550a3cbf66a3d0

PODFILE CHECKSUM: be7cf9307274447122fb3f8bdf83a5e759627d9b

COCOAPODS: 1.16.2
